
Microsoft Visual Studio Solution File, Format Version 12.00
# Visual Studio Version 18
VisualStudioVersion = 18.2.11408.102
MinimumVisualStudioVersion = 10.0.40219.1
Project("{9A19103F-16F7-4668-BE54-9A1E7A4F7556}") = "hamarb123.Analyzers.Test", "hamarb123.Analyzers.Test\hamarb123.Analyzers.Test.csproj", "{4A3A088D-C976-430A-9319-9363FBB007CC}"
EndProject
Project("{2150E333-8FDC-42A3-9474-1A3956D46DE8}") = "Solution Items", "Solution Items", "{17EA3644-A0FC-4DF3-9E48-0A8C4BF9DC45}"
	ProjectSection(SolutionItems) = preProject
		.editorconfig = .editorconfig
		.gitattributes = .gitattributes
		.gitignore = .gitignore
		CONTRIBUTING = CONTRIBUTING
		LICENSE = LICENSE
		README.md = README.md
	EndProjectSection
EndProject
Project("{9A19103F-16F7-4668-BE54-9A1E7A4F7556}") = "hamarb123.Analyzers.Package", "hamarb123.Analyzers.Package\hamarb123.Analyzers.Package.csproj", "{F9B28023-EA29-4E26-9419-327CFAD3426F}"
EndProject
Project("{FAE04EC0-301F-11D3-BF4B-00C04F79EFBC}") = "hamarb123.Analyzers.4.3.1", "hamarb123.Analyzers\hamarb123.Analyzers.4.3.1.csproj", "{B684DEAA-4429-55BC-2376-C86725998546}"
EndProject
Project("{FAE04EC0-301F-11D3-BF4B-00C04F79EFBC}") = "hamarb123.Analyzers.4.12.0", "hamarb123.Analyzers\hamarb123.Analyzers.4.12.0.csproj", "{F8541B30-8BEC-3081-EFA8-1583111B4ECB}"
EndProject
Project("{FAE04EC0-301F-11D3-BF4B-00C04F79EFBC}") = "hamarb123.Analyzers.CS.4.3.1", "hamarb123.Analyzers.CS\hamarb123.Analyzers.CS.4.3.1.csproj", "{6A927A4D-271D-C952-73E5-2B36E2D81F7A}"
EndProject
Project("{FAE04EC0-301F-11D3-BF4B-00C04F79EFBC}") = "hamarb123.Analyzers.CS.4.12.0", "hamarb123.Analyzers.CS\hamarb123.Analyzers.CS.4.12.0.csproj", "{AA0D36E5-F00F-A2F3-8694-ED6C11A40737}"
EndProject
Project("{2150E333-8FDC-42A3-9474-1A3956D46DE8}") = "hamarb123.Analyzers", "hamarb123.Analyzers", "{469A77E0-3DB3-43DB-AA31-9F5E9184C6BA}"
EndProject
Project("{2150E333-8FDC-42A3-9474-1A3956D46DE8}") = "hamarb123.Analyzers.CS", "hamarb123.Analyzers.CS", "{6BE10BA7-6DE2-4C82-B294-60D5FA62E8D9}"
EndProject
Project("{FAE04EC0-301F-11D3-BF4B-00C04F79EFBC}") = "hamarb123.Analyzers.4.7.0", "hamarb123.Analyzers\hamarb123.Analyzers.4.7.0.csproj", "{C2B4B200-99C0-BF29-487F-83B06877B7A4}"
EndProject
Project("{FAE04EC0-301F-11D3-BF4B-00C04F79EFBC}") = "hamarb123.Analyzers.4.9.2", "hamarb123.Analyzers\hamarb123.Analyzers.4.9.2.csproj", "{038C8B03-DE81-7DB2-79C7-A3A6CE8A0A01}"
EndProject
Project("{FAE04EC0-301F-11D3-BF4B-00C04F79EFBC}") = "hamarb123.Analyzers.CS.4.7.0", "hamarb123.Analyzers.CS\hamarb123.Analyzers.CS.4.7.0.csproj", "{D03310C4-A147-8E29-83EF-19345CDB5348}"
EndProject
Project("{FAE04EC0-301F-11D3-BF4B-00C04F79EFBC}") = "hamarb123.Analyzers.CS.4.9.2", "hamarb123.Analyzers.CS\hamarb123.Analyzers.CS.4.9.2.csproj", "{3D9E0B7A-D867-0852-E47D-6E678496C7ED}"
EndProject
Project("{FAE04EC0-301F-11D3-BF4B-00C04F79EFBC}") = "hamarb123.Analyzers.4.8.0", "hamarb123.Analyzers\hamarb123.Analyzers.4.8.0.csproj", "{72869816-78AA-2B09-3CA1-BADE00317BAE}"
EndProject
Project("{FAE04EC0-301F-11D3-BF4B-00C04F79EFBC}") = "hamarb123.Analyzers.CS.4.8.0", "hamarb123.Analyzers.CS\hamarb123.Analyzers.CS.4.8.0.csproj", "{EC65BA9F-E435-4BFC-1CFF-A6A6089D7A43}"
EndProject
Global
	GlobalSection(SolutionConfigurationPlatforms) = preSolution
		Debug|Any CPU = Debug|Any CPU
		Release|Any CPU = Release|Any CPU
	EndGlobalSection
	GlobalSection(ProjectConfigurationPlatforms) = postSolution
		{4A3A088D-C976-430A-9319-9363FBB007CC}.Debug|Any CPU.ActiveCfg = Debug|Any CPU
		{4A3A088D-C976-430A-9319-9363FBB007CC}.Debug|Any CPU.Build.0 = Debug|Any CPU
		{4A3A088D-C976-430A-9319-9363FBB007CC}.Release|Any CPU.ActiveCfg = Release|Any CPU
		{4A3A088D-C976-430A-9319-9363FBB007CC}.Release|Any CPU.Build.0 = Release|Any CPU
		{F9B28023-EA29-4E26-9419-327CFAD3426F}.Debug|Any CPU.ActiveCfg = Debug|Any CPU
		{F9B28023-EA29-4E26-9419-327CFAD3426F}.Debug|Any CPU.Build.0 = Debug|Any CPU
		{F9B28023-EA29-4E26-9419-327CFAD3426F}.Release|Any CPU.ActiveCfg = Release|Any CPU
		{F9B28023-EA29-4E26-9419-327CFAD3426F}.Release|Any CPU.Build.0 = Release|Any CPU
		{B684DEAA-4429-55BC-2376-C86725998546}.Debug|Any CPU.ActiveCfg = Debug|Any CPU
		{B684DEAA-4429-55BC-2376-C86725998546}.Debug|Any CPU.Build.0 = Debug|Any CPU
		{B684DEAA-4429-55BC-2376-C86725998546}.Release|Any CPU.ActiveCfg = Release|Any CPU
		{B684DEAA-4429-55BC-2376-C86725998546}.Release|Any CPU.Build.0 = Release|Any CPU
		{F8541B30-8BEC-3081-EFA8-1583111B4ECB}.Debug|Any CPU.ActiveCfg = Debug|Any CPU
		{F8541B30-8BEC-3081-EFA8-1583111B4ECB}.Debug|Any CPU.Build.0 = Debug|Any CPU
		{F8541B30-8BEC-3081-EFA8-1583111B4ECB}.Release|Any CPU.ActiveCfg = Release|Any CPU
		{F8541B30-8BEC-3081-EFA8-1583111B4ECB}.Release|Any CPU.Build.0 = Release|Any CPU
		{6A927A4D-271D-C952-73E5-2B36E2D81F7A}.Debug|Any CPU.ActiveCfg = Debug|Any CPU
		{6A927A4D-271D-C952-73E5-2B36E2D81F7A}.Debug|Any CPU.Build.0 = Debug|Any CPU
		{6A927A4D-271D-C952-73E5-2B36E2D81F7A}.Release|Any CPU.ActiveCfg = Release|Any CPU
		{6A927A4D-271D-C952-73E5-2B36E2D81F7A}.Release|Any CPU.Build.0 = Release|Any CPU
		{AA0D36E5-F00F-A2F3-8694-ED6C11A40737}.Debug|Any CPU.ActiveCfg = Debug|Any CPU
		{AA0D36E5-F00F-A2F3-8694-ED6C11A40737}.Debug|Any CPU.Build.0 = Debug|Any CPU
		{AA0D36E5-F00F-A2F3-8694-ED6C11A40737}.Release|Any CPU.ActiveCfg = Release|Any CPU
		{AA0D36E5-F00F-A2F3-8694-ED6C11A40737}.Release|Any CPU.Build.0 = Release|Any CPU
		{C2B4B200-99C0-BF29-487F-83B06877B7A4}.Debug|Any CPU.ActiveCfg = Debug|Any CPU
		{C2B4B200-99C0-BF29-487F-83B06877B7A4}.Debug|Any CPU.Build.0 = Debug|Any CPU
		{C2B4B200-99C0-BF29-487F-83B06877B7A4}.Release|Any CPU.ActiveCfg = Release|Any CPU
		{C2B4B200-99C0-BF29-487F-83B06877B7A4}.Release|Any CPU.Build.0 = Release|Any CPU
		{038C8B03-DE81-7DB2-79C7-A3A6CE8A0A01}.Debug|Any CPU.ActiveCfg = Debug|Any CPU
		{038C8B03-DE81-7DB2-79C7-A3A6CE8A0A01}.Debug|Any CPU.Build.0 = Debug|Any CPU
		{038C8B03-DE81-7DB2-79C7-A3A6CE8A0A01}.Release|Any CPU.ActiveCfg = Release|Any CPU
		{038C8B03-DE81-7DB2-79C7-A3A6CE8A0A01}.Release|Any CPU.Build.0 = Release|Any CPU
		{D03310C4-A147-8E29-83EF-19345CDB5348}.Debug|Any CPU.ActiveCfg = Debug|Any CPU
		{D03310C4-A147-8E29-83EF-19345CDB5348}.Debug|Any CPU.Build.0 = Debug|Any CPU
		{D03310C4-A147-8E29-83EF-19345CDB5348}.Release|Any CPU.ActiveCfg = Release|Any CPU
		{D03310C4-A147-8E29-83EF-19345CDB5348}.Release|Any CPU.Build.0 = Release|Any CPU
		{3D9E0B7A-D867-0852-E47D-6E678496C7ED}.Debug|Any CPU.ActiveCfg = Debug|Any CPU
		{3D9E0B7A-D867-0852-E47D-6E678496C7ED}.Debug|Any CPU.Build.0 = Debug|Any CPU
		{3D9E0B7A-D867-0852-E47D-6E678496C7ED}.Release|Any CPU.ActiveCfg = Release|Any CPU
		{3D9E0B7A-D867-0852-E47D-6E678496C7ED}.Release|Any CPU.Build.0 = Release|Any CPU
		{72869816-78AA-2B09-3CA1-BADE00317BAE}.Debug|Any CPU.ActiveCfg = Debug|Any CPU
		{72869816-78AA-2B09-3CA1-BADE00317BAE}.Debug|Any CPU.Build.0 = Debug|Any CPU
		{72869816-78AA-2B09-3CA1-BADE00317BAE}.Release|Any CPU.ActiveCfg = Release|Any CPU
		{72869816-78AA-2B09-3CA1-BADE00317BAE}.Release|Any CPU.Build.0 = Release|Any CPU
		{EC65BA9F-E435-4BFC-1CFF-A6A6089D7A43}.Debug|Any CPU.ActiveCfg = Debug|Any CPU
		{EC65BA9F-E435-4BFC-1CFF-A6A6089D7A43}.Debug|Any CPU.Build.0 = Debug|Any CPU
		{EC65BA9F-E435-4BFC-1CFF-A6A6089D7A43}.Release|Any CPU.ActiveCfg = Release|Any CPU
		{EC65BA9F-E435-4BFC-1CFF-A6A6089D7A43}.Release|Any CPU.Build.0 = Release|Any CPU
	EndGlobalSection
	GlobalSection(SolutionProperties) = preSolution
		HideSolutionNode = FALSE
	EndGlobalSection
	GlobalSection(NestedProjects) = preSolution
		{B684DEAA-4429-55BC-2376-C86725998546} = {469A77E0-3DB3-43DB-AA31-9F5E9184C6BA}
		{6A927A4D-271D-C952-73E5-2B36E2D81F7A} = {6BE10BA7-6DE2-4C82-B294-60D5FA62E8D9}
		{C2B4B200-99C0-BF29-487F-83B06877B7A4} = {469A77E0-3DB3-43DB-AA31-9F5E9184C6BA}
		{038C8B03-DE81-7DB2-79C7-A3A6CE8A0A01} = {469A77E0-3DB3-43DB-AA31-9F5E9184C6BA}
		{D03310C4-A147-8E29-83EF-19345CDB5348} = {6BE10BA7-6DE2-4C82-B294-60D5FA62E8D9}
		{3D9E0B7A-D867-0852-E47D-6E678496C7ED} = {6BE10BA7-6DE2-4C82-B294-60D5FA62E8D9}
		{72869816-78AA-2B09-3CA1-BADE00317BAE} = {469A77E0-3DB3-43DB-AA31-9F5E9184C6BA}
		{EC65BA9F-E435-4BFC-1CFF-A6A6089D7A43} = {6BE10BA7-6DE2-4C82-B294-60D5FA62E8D9}
	EndGlobalSection
	GlobalSection(ExtensibilityGlobals) = postSolution
		SolutionGuid = {0D05E3F2-1237-446A-A991-AB0D123CFA68}
	EndGlobalSection
EndGlobal
